{
  "name": "yauzl-promise-tiny",
  "version": "1.0.0",
  "lockfileVersion": 3,
  "requires": true,
  "packages": {
    "": {
      "name": "yauzl-promise-tiny",
      "version": "1.0.0",
      "license": "MIT",
      "dependencies": {
        "@babel/runtime": "file:./blank-project",
        "@node-rs/crc32": "file:./noders-crc32-replacement",
        "globalthis": "file:./globalthis"
      },
      "peerDependencies": {
        "yauzl-promise": "^4.0.0"
      }
    },
    "blank-project": {
      "name": "blank-project",
      "version": "1.0.0",
      "license": "MIT"
    },
    "globalthis": {
      "version": "1.0.0",
      "license": "MIT"
    },
    "node_modules/@babel/runtime": {
      "resolved": "blank-project",
      "link": true
    },
    "node_modules/@node-rs/crc32": {
      "resolved": "noders-crc32-replacement",
      "link": true
    },
    "node_modules/crc-32": {
      "version": "1.2.2",
      "resolved": "https://registry.npmjs.org/crc-32/-/crc-32-1.2.2.tgz",
      "integrity": "sha512-ROmzCKrTnOwybPcJApAA6WBWij23HVfGVNKqqrZpuyZOHqK2CwHSvpGuyt/UNNvaIjEd8X5IFGp4Mh+Ie1IHJQ==",
      "license": "Apache-2.0",
      "bin": {
        "crc32": "bin/crc32.njs"
      },
      "engines": {
        "node": ">=0.8"
      }
    },
    "node_modules/globalthis": {
      "resolved": "globalthis",
      "link": true
    },
    "node_modules/is-it-type": {
      "version": "5.1.2",
      "resolved": "https://registry.npmjs.org/is-it-type/-/is-it-type-5.1.2.tgz",
      "integrity": "sha512-q/gOZQTNYABAxaXWnBKZjTFH4yACvWEFtgVOj+LbgxYIgAJG1xVmUZOsECSrZPIemYUQvaQWVilSFVbh4Eyt8A==",
      "license": "MIT",
      "peer": true,
      "dependencies": {
        "@babel/runtime": "^7.16.7",
        "globalthis": "^1.0.2"
      },
      "engines": {
        "node": ">=12"
      }
    },
    "node_modules/simple-invariant": {
      "version": "2.0.1",
      "resolved": "https://registry.npmjs.org/simple-invariant/-/simple-invariant-2.0.1.tgz",
      "integrity": "sha512-1sbhsxqI+I2tqlmjbz99GXNmZtr6tKIyEgGGnJw/MKGblalqk/XoOYYFJlBzTKZCxx8kLaD3FD5s9BEEjx5Pyg==",
      "license": "MIT",
      "peer": true,
      "engines": {
        "node": ">=10"
      }
    },
    "node_modules/yauzl-promise": {
      "version": "4.0.0",
      "resolved": "https://registry.npmjs.org/yauzl-promise/-/yauzl-promise-4.0.0.tgz",
      "integrity": "sha512-/HCXpyHXJQQHvFq9noqrjfa/WpQC2XYs3vI7tBiAi4QiIU1knvYhZGaO1QPjwIVMdqflxbmwgMXtYeaRiAE0CA==",
      "license": "MIT",
      "peer": true,
      "dependencies": {
        "@node-rs/crc32": "^1.7.0",
        "is-it-type": "^5.1.2",
        "simple-invariant": "^2.0.1"
      },
      "engines": {
        "node": ">=16"
      }
    },
    "noders-crc32-replacement": {
      "name": "noders-crc32-replacement",
      "version": "1.0.0",
      "license": "MIT",
      "dependencies": {
        "crc-32": "^1.2.2"
      }
    }
  }
}
